# This file is automatically @generated by Poetry 2.1.3 and should not be changed by hand.

[[package]]
name = "colorama"
version = "0.4.6"
description = "Cross-platform colored terminal text."
optional = false
python-versions = "!=3.0.*,!=3.1.*,!=3.2.*,!=3.3.*,!=3.4.*,!=3.5.*,!=3.6.*,>=2.7"
groups = ["main"]
markers = "sys_platform == \"win32\""
files = [
    {file = "colorama-0.4.6-py2.py3-none-any.whl", hash = "sha256:4f1d9991f5acc0ca119f9d443620b77f9d6b33703e51011c16baf57afb285fc6"},
    {file = "colorama-0.4.6.tar.gz", hash = "sha256:08695f5cb7ed6e0531a20572697297273c47b8cae5a63ffc6d6ed5c201be6e44"},
]

[[package]]
name = "hypothesis"
version = "6.152.4"
description = "The property-based testing library for Python"
optional = false
python-versions = ">=3.10"
groups = ["main"]
files = [
    {file = "hypothesis-6.152.4-py3-none-any.whl", hash = "sha256:e730fd93c7578182efadc7f90b3c5437ee4d55edf738930eb5043c81ac1d97e8"},
    {file = "hypothesis-6.152.4.tar.gz", hash = "sha256:31c8f9ce619716f543e2710b489b1633c833586641d9e6c94cee03f109a5afc4"},
]

[package.dependencies]
sortedcontainers = ">=2.1.0,<3.0.0"

[package.extras]
all = ["black (>=20.8b0)", "click (>=7.0)", "crosshair-tool (>=0.0.102)", "django (>=4.2)", "dpcontracts (>=0.4)", "hypothesis-crosshair (>=0.0.27)", "lark (>=0.10.1)", "libcst (>=0.3.16)", "numpy (>=1.21.6)", "pandas (>=1.1)", "pytest (>=4.6)", "python-dateutil (>=1.4)", "pytz (>=2014.1)", "redis (>=3.0.0)", "rich (>=9.0.0)", "tzdata (>=2026.1) ; sys_platform == \"win32\" or sys_platform == \"emscripten\"", "watchdog (>=4.0.0)"]
cli = ["black (>=20.8b0)", "click (>=7.0)", "rich (>=9.0.0)"]
codemods = ["libcst (>=0.3.16)"]
crosshair = ["crosshair-tool (>=0.0.102)", "hypothesis-crosshair (>=0.0.27)"]
dateutil = ["python-dateutil (>=1.4)"]
django = ["django (>=4.2)"]
dpcontracts = ["dpcontracts (>=0.4)"]
ghostwriter = ["black (>=20.8b0)"]
lark = ["lark (>=0.10.1)"]
numpy = ["numpy (>=1.21.6)"]
pandas = ["pandas (>=1.1)"]
pytest = ["pytest (>=4.6)"]
pytz = ["pytz (>=2014.1)"]
redis = ["redis (>=3.0.0)"]
watchdog = ["watchdog (>=4.0.0)"]
zoneinfo = ["tzdata (>=2026.1) ; sys_platform == \"win32\" or sys_platform == \"emscripten\""]

[[package]]
name = "iniconfig"
version = "2.3.0"
description = "brain-dead simple config-ini parsing"
optional = false
python-versions = ">=3.10"
groups = ["main"]
files = [
    {file = "iniconfig-2.3.0-py3-none-any.whl", hash = "sha256:f631c04d2c48c52b84d0d0549c99ff3859c98df65b3101406327ecc7d53fbf12"},
    {file = "iniconfig-2.3.0.tar.gz", hash = "sha256:c76315c77db068650d49c5b56314774a7804df16fee4402c1f19d6d15d8c4730"},
]

[[package]]
name = "ndindex"
version = "1.10.1"
description = "A Python library for manipulating indices of ndarrays."
optional = false
python-versions = ">=3.9"
groups = ["main"]
files = [
    {file = "ndindex-1.10.1-cp310-cp310-macosx_10_9_x86_64.whl", hash = "sha256:8644c76e74c0fbbdaa54752de30b7c6b98b1e8f6c05f0c6228632a29c862d83f"},
    {file = "ndindex-1.10.1-cp310-cp310-macosx_11_0_arm64.whl", hash = "sha256:a9a211ec2198994cb3600cd46adb335a740f27e4d406b40d48ed7b98d2d2a89b"},
    {file = "ndindex-1.10.1-cp310-cp310-manylinux_2_24_aarch64.manylinux_2_28_aarch64.whl", hash = "sha256:cdb86a4176f2ae23bd4bcd0401ca35d5dad2d1ed0d0dca1ff64480ebe41b75d9"},
    {file = "ndindex-1.10.1-cp310-cp310-manylinux_2_24_x86_64.manylinux_2_28_x86_64.whl", hash = "sha256:3ce3bd0882572269ca09285112cf38ce84baa2aaa5891551af968ca7c18f84bb"},
    {file = "ndindex-1.10.1-cp310-cp310-musllinux_1_2_aarch64.whl", hash = "sha256:2d6442ecce9b395aade5e9f2431e169e01393953a069f6d2d53a63b6c94d1d06"},
    {file = "ndindex-1.10.1-cp310-cp310-musllinux_1_2_x86_64.whl", hash = "sha256:bada24abee6bc6ca438b2e6b68a752fc9b58b67bdcb54008e2bc6330ecb0a777"},
    {file = "ndindex-1.10.1-cp310-cp310-win32.whl", hash = "sha256:bc236d1612714cbd80610cf25a6ef92584ff1402e9d5a5c50e926195716f7d22"},
    {file = "ndindex-1.10.1-cp310-cp310-win_amd64.whl", hash = "sha256:4cea15cff221e76abd12e3e940c26124184735cf421c229307f5db6742e14dd7"},
    {file = "ndindex-1.10.1-cp311-cp311-macosx_10_9_x86_64.whl", hash = "sha256:e2ad917bcdf8dc5ba1e21f01054c991d26862d4d01c3c203a50e907096d558ac"},
    {file = "ndindex-1.10.1-cp311-cp311-macosx_11_0_arm64.whl", hash = "sha256:e851990a68937db5f485cd9f3e760c1fd47fa0f2a99f63a5e2cc880908faf3bb"},
    {file = "ndindex-1.10.1-cp311-cp311-manylinux_2_24_aarch64.manylinux_2_28_aarch64.whl", hash = "sha256:27385939f317b55773ea53f6bf9334810cf1d66206034c0a6a6f2a88f2001c3c"},
    {file = "ndindex-1.10.1-cp311-cp311-manylinux_2_24_x86_64.manylinux_2_28_x86_64.whl", hash = "sha256:9fdf3ca16efcdfbb8800aa88fbab1bc6528e6a0504bcb9cf7af4cb9d50e9f5d9"},
    {file = "ndindex-1.10.1-cp311-cp311-musllinux_1_2_aarch64.whl", hash = "sha256:3307817bdc92846b18f309fae3582856f567dd6e0742fb0b41ac68682bfc4e2a"},
    {file = "ndindex-1.10.1-cp311-cp311-musllinux_1_2_x86_64.whl", hash = "sha256:ae73cd2d66b09ef2f2a7d7f93bad396d6abf168d1ee825e403c6c5fb8ae1341c"},
    {file = "ndindex-1.10.1-cp311-cp311-win32.whl", hash = "sha256:890bb92f0a779e6f16bdbcc8bd2e06c32bcc0239e5893ba246114eb924aecaaa"},
    {file = "ndindex-1.10.1-cp311-cp311-win_amd64.whl", hash = "sha256:1827a40301405b44ad709e388c5b48cf35cd90a67f77e63f0f17d87f6000fa81"},
    {file = "ndindex-1.10.1-cp312-cp312-macosx_10_13_x86_64.whl", hash = "sha256:87f83e8c35a7f49a68cd3a3054c406e6c22f8c1315f3905f7a778c657669187e"},
    {file = "ndindex-1.10.1-cp312-cp312-macosx_11_0_arm64.whl", hash = "sha256:cf9e05986b2eb8c5993bce0f911d6cedd15bda30b5e35dd354b1ad1f4cc3599d"},
    {file = "ndindex-1.10.1-cp312-cp312-manylinux_2_24_aarch64.manylinux_2_28_aarch64.whl", hash = "sha256:046c1e88d46b2bd2fd3483e06d27b4e85132b55bc693f2fca2db0bb56eea1e78"},
    {file = "ndindex-1.10.1-cp312-cp312-manylinux_2_24_x86_64.manylinux_2_28_x86_64.whl", hash = "sha256:03cf1e6cdac876bd8fc92d3b65bb223496b1581d10eab3ba113f7c195121a959"},
    {file = "ndindex-1.10.1-cp312-cp312-musllinux_1_2_aarch64.whl", hash = "sha256:752e78a5e87911ded117c57a7246596f26c9c6da066de3c2b533b3db694949bb"},
    {file = "ndindex-1.10.1-cp312-cp312-musllinux_1_2_x86_64.whl", hash = "sha256:c9dd58d91220b1c1fe516324bfcf4114566c98e84b1cbbe416abe345c75bd557"},
    {file = "ndindex-1.10.1-cp312-cp312-win32.whl", hash = "sha256:3b0d9ce2c8488444499ab6d40e92e09867bf4413f5cf04c01635de923f44aa67"},
    {file = "ndindex-1.10.1-cp312-cp312-win_amd64.whl", hash = "sha256:5c026dbbf2455d97ce6456d8a50b349aee8fefa11027d020638c89e9be2c9c4c"},
    {file = "ndindex-1.10.1-cp313-cp313-macosx_10_13_x86_64.whl", hash = "sha256:157b5c34a1b779f5d27b790d9bd7e7b156d284e76be83c591a3ba003984f4956"},
    {file = "ndindex-1.10.1-cp313-cp313-macosx_11_0_arm64.whl", hash = "sha256:f99b3e89220da3244d03c9c5473669c7107d361c129fd9b064622744dee1ce15"},
    {file = "ndindex-1.10.1-cp313-cp313-manylinux_2_24_aarch64.manylinux_2_28_aarch64.whl", hash = "sha256:6928e47fb008903f2e41309b7ff1e59b16abbcd59e2e945454571c28b2433c9e"},
    {file = "ndindex-1.10.1-cp313-cp313-manylinux_2_24_x86_64.manylinux_2_28_x86_64.whl", hash = "sha256:e69a2cb1ac7be955c3c77f1def83f410775a81525c9ce2d4c0a3f2a61589ed47"},
    {file = "ndindex-1.10.1-cp313-cp313-musllinux_1_2_aarch64.whl", hash = "sha256:cb76e0f3f235d8b1c768b17e771de48775d281713795c3aa045e8114ad61bdda"},
    {file = "ndindex-1.10.1-cp313-cp313-musllinux_1_2_x86_64.whl", hash = "sha256:7da34a78410c14341d5fff73be5ce924bd36500bf7f640fc59b8607d3a0df95e"},
    {file = "ndindex-1.10.1-cp313-cp313-win32.whl", hash = "sha256:9599fcb7411ffe601c367f0a5d4bc0ed588e3e7d9dc7604bdb32c8f669456b9e"},
    {file = "ndindex-1.10.1-cp313-cp313-win_amd64.whl", hash = "sha256:ef3ef22390a892d16286505083ee5b326317b21c255a0c7f744b1290a0b964a6"},
    {file = "ndindex-1.10.1-cp313-cp313t-macosx_10_13_x86_64.whl", hash = "sha256:72af787dcee3661f36fff9d144d989aacefe32e2c8b51ceef9babd46afb93a18"},
    {file = "ndindex-1.10.1-cp313-cp313t-macosx_11_0_arm64.whl", hash = "sha256:fa60637dfae1ee3fc057e420a52cc4ace38cf2c0d1a0451af2a3cba84d281842"},
    {file = "ndindex-1.10.1-cp313-cp313t-manylinux_2_24_aarch64.manylinux_2_28_aarch64.whl", hash = "sha256:d0ebdba2fade3f6916fe21fd49e2a0935af4f58c56100a60f3f2eb26e20baee7"},
    {file = "ndindex-1.10.1-cp313-cp313t-manylinux_2_24_x86_64.manylinux_2_28_x86_64.whl", hash = "sha256:346a4bf09f5771548665c8206e81daadb6b9925d409746e709894bdd98adc701"},
    {file = "ndindex-1.10.1-cp313-cp313t-musllinux_1_2_aarch64.whl", hash = "sha256:23d35696f802548143b5cc199bf2f171efb0061aa7934959251dd3bae56d038c"},
    {file = "ndindex-1.10.1-cp313-cp313t-musllinux_1_2_x86_64.whl", hash = "sha256:a91e1a0398120233d5c3b23ccb2d4b78e970d66136f1a7221fa9a53873c3d5c5"},
    {file = "ndindex-1.10.1-cp313-cp313t-win32.whl", hash = "sha256:78bfe25941d2dac406391ddd9baf0b0fce163807b98ecc2c47a3030ee8466319"},
    {file = "ndindex-1.10.1-cp313-cp313t-win_amd64.whl", hash = "sha256:08bfdc1f7a0b408d15b3ce61d141ebbebdb47a25341967e425e104c5bd512a5c"},
    {file = "ndindex-1.10.1-cp314-cp314-macosx_10_15_x86_64.whl", hash = "sha256:9b5297f207ebc068c7cdf9e3cd7b95aa5c9ec04295d0a7e56b529f66787d4685"},
    {file = "ndindex-1.10.1-cp314-cp314-macosx_11_0_arm64.whl", hash = "sha256:c5e9762452b163e33cfb6e821f86e45ba0b53bdfcd23ab5d57b48a8f566898cb"},
    {file = "ndindex-1.10.1-cp314-cp314-manylinux_2_24_aarch64.manylinux_2_28_aarch64.whl", hash = "sha256:cf80241b40adffdc3276b2c9fb63a96c6c98b4a9d941892738de8add65083962"},
    {file = "ndindex-1.10.1-cp314-cp314-manylinux_2_24_x86_64.manylinux_2_28_x86_64.whl", hash = "sha256:cf5855881884b8467dfcf45764ccf2e4279075be14b155b89c96994bb08d2e6f"},
    {file = "ndindex-1.10.1-cp314-cp314-musllinux_1_2_aarch64.whl", hash = "sha256:e81a9bd36fe054b6c9fcc53d26bc9a28cf15d1ab52a0f5b854f894116f3a54e1"},
    {file = "ndindex-1.10.1-cp314-cp314-musllinux_1_2_x86_64.whl", hash = "sha256:588e8875d836a93b3cd9af482c8074bb02288ae1aff92cf277e1f02d9ae0f992"},
    {file = "ndindex-1.10.1-cp314-cp314-win32.whl", hash = "sha256:28741daca5926adff402247cd406f453ed5bb6042e82d6855938f805190e5ce9"},
    {file = "ndindex-1.10.1-cp314-cp314-win_amd64.whl", hash = "sha256:59a3222befc0f7cdc85fb9b90a567ae890f70a864bdeb660517e9ebcb36bf1bc"},
    {file = "ndindex-1.10.1-cp314-cp314t-macosx_10_15_x86_64.whl", hash = "sha256:967b87b88dadb62555ec1039695c347254eccb8ca3d124c0e5dbe084c525fa93"},
    {file = "ndindex-1.10.1-cp314-cp314t-macosx_11_0_arm64.whl", hash = "sha256:c67dde588c0fb89d872931a4ed5f9b4d21c1c70a3d92fdf0812a1de154239816"},
    {file = "ndindex-1.10.1-cp314-cp314t-manylinux_2_24_aarch64.manylinux_2_28_aarch64.whl", hash = "sha256:c65ca639a7abf72d79f22424f4abd18dece1f289a2b7b028a0ca455edd2168d4"},
    {file = "ndindex-1.10.1-cp314-cp314t-manylinux_2_24_x86_64.manylinux_2_28_x86_64.whl", hash = "sha256:5c3634a8df43e7928122225a3d64d850c8957bd1edf2e403907deacb478af27b"},
    {file = "ndindex-1.10.1-cp314-cp314t-musllinux_1_2_aarch64.whl", hash = "sha256:9d581f931e61f182478f18bdf5edd3955899df5da4892ed0d5de547a4cfd5b6f"},
    {file = "ndindex-1.10.1-cp314-cp314t-musllinux_1_2_x86_64.whl", hash = "sha256:78ce45106ebf67aeba99714818c721d8fd5fb9534daebd2565665a2d64b50fc9"},
    {file = "ndindex-1.10.1-cp314-cp314t-win32.whl", hash = "sha256:fe5341e24dc992b09c258456ac90a09a6d25efdc2cb86dcc91d32c8891e1df9a"},
    {file = "ndindex-1.10.1-cp314-cp314t-win_amd64.whl", hash = "sha256:37f87f0e7690ae0324334740e0661d6297f2e62c9bf925127d249fb7eddd0ad8"},
    {file = "ndindex-1.10.1-cp39-cp39-macosx_10_9_x86_64.whl", hash = "sha256:f77c4fd3f34c53037678020ab4e060da4bbdcae3a428797c7cbec69a6785dc93"},
    {file = "ndindex-1.10.1-cp39-cp39-macosx_11_0_arm64.whl", hash = "sha256:777bb6fa1dc72527fb43744b8c1499ca86e8e110b238d7aad6a686489c23d3bd"},
    {file = "ndindex-1.10.1-cp39-cp39-manylinux_2_24_aarch64.manylinux_2_28_aarch64.whl", hash = "sha256:1ae21b06235cb0884e97cf672780c170449baa0314085595cfe751705fa352de"},
    {file = "ndindex-1.10.1-cp39-cp39-manylinux_2_24_x86_64.manylinux_2_28_x86_64.whl", hash = "sha256:0ad8e060b26568c4e67c7b1dc2bc64e28597afdaabd7d63f98f655bfe2daa644"},
    {file = "ndindex-1.10.1-cp39-cp39-musllinux_1_2_aarch64.whl", hash = "sha256:dc7ebdbd465d25f29a9cd7ba31c304172351fc85626835385bcb72807d309a9a"},
    {file = "ndindex-1.10.1-cp39-cp39-musllinux_1_2_x86_64.whl", hash = "sha256:27a7729a4d33df6b96f7d5edff281d2b987bbe6545031c5eb606b95c47694f54"},
    {file = "ndindex-1.10.1-cp39-cp39-win32.whl", hash = "sha256:8ff1558ddbfedcecd1f6ed7777530917ad08f9c253fcaa8b7152a7aa4ca0264f"},
    {file = "ndindex-1.10.1-cp39-cp39-win_amd64.whl", hash = "sha256:092b92c07690292ec7c6b266c38d7e63d254ec8d913ed06f2a8e16103eb7861a"},
    {file = "ndindex-1.10.1.tar.gz", hash = "sha256:0f6113c1f031248f8818cbee1aa92aa3c9472b7701debcce9fddebcd2f610f11"},
]

[package.extras]
arrays = ["numpy"]

[[package]]
name = "numpy"
version = "2.4.4"
description = "Fundamental package for array computing in Python"
optional = false
python-versions = ">=3.11"
groups = ["main"]
files = [
    {file = "numpy-2.4.4-cp311-cp311-macosx_10_9_x86_64.whl", hash = "sha256:f983334aea213c99992053ede6168500e5f086ce74fbc4acc3f2b00f5762e9db"},
    {file = "numpy-2.4.4-cp311-cp311-macosx_11_0_arm64.whl", hash = "sha256:72944b19f2324114e9dc86a159787333b77874143efcf89a5167ef83cfee8af0"},
    {file = "numpy-2.4.4-cp311-cp311-macosx_14_0_arm64.whl", hash = "sha256:86b6f55f5a352b48d7fbfd2dbc3d5b780b2d79f4d3c121f33eb6efb22e9a2015"},
    {file = "numpy-2.4.4-cp311-cp311-macosx_14_0_x86_64.whl", hash = "sha256:ba1f4fc670ed79f876f70082eff4f9583c15fb9a4b89d6188412de4d18ae2f40"},
    {file = "numpy-2.4.4-cp311-cp311-manylinux_2_27_aarch64.manylinux_2_28_aarch64.whl", hash = "sha256:8a87ec22c87be071b6bdbd27920b129b94f2fc964358ce38f3822635a3e2e03d"},
    {file = "numpy-2.4.4-cp311-cp311-manylinux_2_27_x86_64.manylinux_2_28_x86_64.whl", hash = "sha256:df3775294accfdd75f32c74ae39fcba920c9a378a2fc18a12b6820aa8c1fb502"},
    {file = "numpy-2.4.4-cp311-cp311-musllinux_1_2_aarch64.whl", hash = "sha256:0d4e437e295f18ec29bc79daf55e8a47a9113df44d66f702f02a293d93a2d6dd"},
    {file = "numpy-2.4.4-cp311-cp311-musllinux_1_2_x86_64.whl", hash = "sha256:6aa3236c78803afbcb255045fbef97a9e25a1f6c9888357d205ddc42f4d6eba5"},
    {file = "numpy-2.4.4-cp311-cp311-win32.whl", hash = "sha256:30caa73029a225b2d40d9fae193e008e24b2026b7ee1a867b7ee8d96ca1a448e"},
    {file = "numpy-2.4.4-cp311-cp311-win_amd64.whl", hash = "sha256:6bbe4eb67390b0a0265a2c25458f6b90a409d5d069f1041e6aff1e27e3d9a79e"},
    {file = "numpy-2.4.4-cp311-cp311-win_arm64.whl", hash = "sha256:fcfe2045fd2e8f3cb0ce9d4ba6dba6333b8fa05bb8a4939c908cd43322d14c7e"},
    {file = "numpy-2.4.4-cp312-cp312-macosx_10_13_x86_64.whl", hash = "sha256:15716cfef24d3a9762e3acdf87e27f58dc823d1348f765bbea6bef8c639bfa1b"},
    {file = "numpy-2.4.4-cp312-cp312-macosx_11_0_arm64.whl", hash = "sha256:23cbfd4c17357c81021f21540da84ee282b9c8fba38a03b7b9d09ba6b951421e"},
    {file = "numpy-2.4.4-cp312-cp312-macosx_14_0_arm64.whl", hash = "sha256:8b3b60bb7cba2c8c81837661c488637eee696f59a877788a396d33150c35d842"},
    {file = "numpy-2.4.4-cp312-cp312-macosx_14_0_x86_64.whl", hash = "sha256:e4a010c27ff6f210ff4c6ef34394cd61470d01014439b192ec22552ee867f2a8"},
    {file = "numpy-2.4.4-cp312-cp312-manylinux_2_27_aarch64.manylinux_2_28_aarch64.whl", hash = "sha256:f9e75681b59ddaa5e659898085ae0eaea229d054f2ac0c7e563a62205a700121"},
    {file = "numpy-2.4.4-cp312-cp312-manylinux_2_27_x86_64.manylinux_2_28_x86_64.whl", hash = "sha256:81f4a14bee47aec54f883e0cad2d73986640c1590eb9bfaaba7ad17394481e6e"},
    {file = "numpy-2.4.4-cp312-cp312-musllinux_1_2_aarch64.whl", hash = "sha256:62d6b0f03b694173f9fcb1fb317f7222fd0b0b103e784c6549f5e53a27718c44"},
    {file = "numpy-2.4.4-cp312-cp312-musllinux_1_2_x86_64.whl", hash = "sha256:fbc356aae7adf9e6336d336b9c8111d390a05df88f1805573ebb0807bd06fd1d"},
    {file = "numpy-2.4.4-cp312-cp312-win32.whl", hash = "sha256:0d35aea54ad1d420c812bfa0385c71cd7cc5bcf7c65fed95fc2cd02fe8c79827"},
    {file = "numpy-2.4.4-cp312-cp312-win_amd64.whl", hash = "sha256:b5f0362dc928a6ecd9db58868fca5e48485205e3855957bdedea308f8672ea4a"},
    {file = "numpy-2.4.4-cp312-cp312-win_arm64.whl", hash = "sha256:846300f379b5b12cc769334464656bc882e0735d27d9726568bc932fdc49d5ec"},
    {file = "numpy-2.4.4-cp313-cp313-macosx_10_13_x86_64.whl", hash = "sha256:08f2e31ed5e6f04b118e49821397f12767934cfdd12a1ce86a058f91e004ee50"},
    {file = "numpy-2.4.4-cp313-cp313-macosx_11_0_arm64.whl", hash = "sha256:e823b8b6edc81e747526f70f71a9c0a07ac4e7ad13020aa736bb7c9d67196115"},
    {file = "numpy-2.4.4-cp313-cp313-macosx_14_0_arm64.whl", hash = "sha256:4a19d9dba1a76618dd86b164d608566f393f8ec6ac7c44f0cc879011c45e65af"},
    {file = "numpy-2.4.4-cp313-cp313-macosx_14_0_x86_64.whl", hash = "sha256:d2a8490669bfe99a233298348acc2d824d496dee0e66e31b66a6022c2ad74a5c"},
    {file = "numpy-2.4.4-cp313-cp313-manylinux_2_27_aarch64.manylinux_2_28_aarch64.whl", hash = "sha256:45dbed2ab436a9e826e302fcdcbe9133f9b0006e5af7168afb8963a6520da103"},
    {file = "numpy-2.4.4-cp313-cp313-manylinux_2_27_x86_64.manylinux_2_28_x86_64.whl", hash = "sha256:c901b15172510173f5cb310eae652908340f8dede90fff9e3bf6c0d8dfd92f83"},
    {file = "numpy-2.4.4-cp313-cp313-musllinux_1_2_aarch64.whl", hash = "sha256:99d838547ace2c4aace6c4f76e879ddfe02bb58a80c1549928477862b7a6d6ed"},
    {file = "numpy-2.4.4-cp313-cp313-musllinux_1_2_x86_64.whl", hash = "sha256:0aec54fd785890ecca25a6003fd9a5aed47ad607bbac5cd64f836ad8666f4959"},
    {file = "numpy-2.4.4-cp313-cp313-win32.whl", hash = "sha256:07077278157d02f65c43b1b26a3886bce886f95d20aabd11f87932750dfb14ed"},
    {file = "numpy-2.4.4-cp313-cp313-win_amd64.whl", hash = "sha256:5c70f1cc1c4efbe316a572e2d8b9b9cc44e89b95f79ca3331553fbb63716e2bf"},
    {file = "numpy-2.4.4-cp313-cp313-win_arm64.whl", hash = "sha256:ef4059d6e5152fa1a39f888e344c73fdc926e1b2dd58c771d67b0acfbf2aa67d"},
    {file = "numpy-2.4.4-cp313-cp313t-macosx_11_0_arm64.whl", hash = "sha256:4bbc7f303d125971f60ec0aaad5e12c62d0d2c925f0ab1273debd0e4ba37aba5"},
    {file = "numpy-2.4.4-cp313-cp313t-macosx_14_0_arm64.whl", hash = "sha256:4d6d57903571f86180eb98f8f0c839fa9ebbfb031356d87f1361be91e433f5b7"},
    {file = "numpy-2.4.4-cp313-cp313t-macosx_14_0_x86_64.whl", hash = "sha256:4636de7fd195197b7535f231b5de9e4b36d2c440b6e566d2e4e4746e6af0ca93"},
    {file = "numpy-2.4.4-cp313-cp313t-manylinux_2_27_aarch64.manylinux_2_28_aarch64.whl", hash = "sha256:ad2e2ef14e0b04e544ea2fa0a36463f847f113d314aa02e5b402fdf910ef309e"},
    {file = "numpy-2.4.4-cp313-cp313t-manylinux_2_27_x86_64.manylinux_2_28_x86_64.whl", hash = "sha256:5a285b3b96f951841799528cd1f4f01cd70e7e0204b4abebac9463eecfcf2a40"},
    {file = "numpy-2.4.4-cp313-cp313t-musllinux_1_2_aarch64.whl", hash = "sha256:f8474c4241bc18b750be2abea9d7a9ec84f46ef861dbacf86a4f6e043401f79e"},
    {file = "numpy-2.4.4-cp313-cp313t-musllinux_1_2_x86_64.whl", hash = "sha256:4e874c976154687c1f71715b034739b45c7711bec81db01914770373d125e392"},
    {file = "numpy-2.4.4-cp313-cp313t-win32.whl", hash = "sha256:9c585a1790d5436a5374bac930dad6ed244c046ed91b2b2a3634eb2971d21008"},
    {file = "numpy-2.4.4-cp313-cp313t-win_amd64.whl", hash = "sha256:93e15038125dc1e5345d9b5b68aa7f996ec33b98118d18c6ca0d0b7d6198b7e8"},
    {file = "numpy-2.4.4-cp313-cp313t-win_arm64.whl", hash = "sha256:0dfd3f9d3adbe2920b68b5cd3d51444e13a10792ec7154cd0a2f6e74d4ab3233"},
    {file = "numpy-2.4.4-cp314-cp314-macosx_10_15_x86_64.whl", hash = "sha256:f169b9a863d34f5d11b8698ead99febeaa17a13ca044961aa8e2662a6c7766a0"},
    {file = "numpy-2.4.4-cp314-cp314-macosx_11_0_arm64.whl", hash = "sha256:2483e4584a1cb3092da4470b38866634bafb223cbcd551ee047633fd2584599a"},
    {file = "numpy-2.4.4-cp314-cp314-macosx_14_0_arm64.whl", hash = "sha256:2d19e6e2095506d1736b7d80595e0f252d76b89f5e715c35e06e937679ea7d7a"},
    {file = "numpy-2.4.4-cp314-cp314-macosx_14_0_x86_64.whl", hash = "sha256:6a246d5914aa1c820c9443ddcee9c02bec3e203b0c080349533fae17727dfd1b"},
    {file = "numpy-2.4.4-cp314-cp314-manylinux_2_27_aarch64.manylinux_2_28_aarch64.whl", hash = "sha256:989824e9faf85f96ec9c7761cd8d29c531ad857bfa1daa930cba85baaecf1a9a"},
    {file = "numpy-2.4.4-cp314-cp314-manylinux_2_27_x86_64.manylinux_2_28_x86_64.whl", hash = "sha256:27a8d92cd10f1382a67d7cf4db7ce18341b66438bdd9f691d7b0e48d104c2a9d"},
    {file = "numpy-2.4.4-cp314-cp314-musllinux_1_2_aarch64.whl", hash = "sha256:e44319a2953c738205bf3354537979eaa3998ed673395b964c1176083dd46252"},
    {file = "numpy-2.4.4-cp314-cp314-musllinux_1_2_x86_64.whl", hash = "sha256:e892aff75639bbef0d2a2cfd55535510df26ff92f63c92cd84ef8d4ba5a5557f"},
    {file = "numpy-2.4.4-cp314-cp314-win32.whl", hash = "sha256:1378871da56ca8943c2ba674530924bb8ca40cd228358a3b5f302ad60cf875fc"},
    {file = "numpy-2.4.4-cp314-cp314-win_amd64.whl", hash = "sha256:715d1c092715954784bc79e1174fc2a90093dc4dc84ea15eb14dad8abdcdeb74"},
    {file = "numpy-2.4.4-cp314-cp314-win_arm64.whl", hash = "sha256:2c194dd721e54ecad9ad387c1d35e63dce5c4450c6dc7dd5611283dda239aabb"},
    {file = "numpy-2.4.4-cp314-cp314t-macosx_11_0_arm64.whl", hash = "sha256:2aa0613a5177c264ff5921051a5719d20095ea586ca88cc802c5c218d1c67d3e"},
    {file = "numpy-2.4.4-cp314-cp314t-macosx_14_0_arm64.whl", hash = "sha256:42c16925aa5a02362f986765f9ebabf20de75cdefdca827d14315c568dcab113"},
    {file = "numpy-2.4.4-cp314-cp314t-macosx_14_0_x86_64.whl", hash = "sha256:874f200b2a981c647340f841730fc3a2b54c9d940566a3c4149099591e2c4c3d"},
    {file = "numpy-2.4.4-cp314-cp314t-manylinux_2_27_aarch64.manylinux_2_28_aarch64.whl", hash = "sha256:c9b39d38a9bd2ae1becd7eac1303d031c5c110ad31f2b319c6e7d98b135c934d"},
    {file = "numpy-2.4.4-cp314-cp314t-manylinux_2_27_x86_64.manylinux_2_28_x86_64.whl", hash = "sha256:b268594bccac7d7cf5844c7732e3f20c50921d94e36d7ec9b79e9857694b1b2f"},
    {file = "numpy-2.4.4-cp314-cp314t-musllinux_1_2_aarch64.whl", hash = "sha256:ac6b31e35612a26483e20750126d30d0941f949426974cace8e6b5c58a3657b0"},
    {file = "numpy-2.4.4-cp314-cp314t-musllinux_1_2_x86_64.whl", hash = "sha256:8e3ed142f2728df44263aaf5fb1f5b0b99f4070c553a0d7f033be65338329150"},
    {file = "numpy-2.4.4-cp314-cp314t-win32.whl", hash = "sha256:dddbbd259598d7240b18c9d87c56a9d2fb3b02fe266f49a7c101532e78c1d871"},
    {file = "numpy-2.4.4-cp314-cp314t-win_amd64.whl", hash = "sha256:a7164afb23be6e37ad90b2f10426149fd75aee07ca55653d2aa41e66c4ef697e"},
    {file = "numpy-2.4.4-cp314-cp314t-win_arm64.whl", hash = "sha256:ba203255017337d39f89bdd58417f03c4426f12beed0440cfd933cb15f8669c7"},
    {file = "numpy-2.4.4-pp311-pypy311_pp73-macosx_10_15_x86_64.whl", hash = "sha256:58c8b5929fcb8287cbd6f0a3fae19c6e03a5c48402ae792962ac465224a629a4"},
    {file = "numpy-2.4.4-pp311-pypy311_pp73-macosx_11_0_arm64.whl", hash = "sha256:eea7ac5d2dce4189771cedb559c738a71512768210dc4e4753b107a2048b3d0e"},
    {file = "numpy-2.4.4-pp311-pypy311_pp73-macosx_14_0_arm64.whl", hash = "sha256:51fc224f7ca4d92656d5a5eb315f12eb5fe2c97a66249aa7b5f562528a3be38c"},
    {file = "numpy-2.4.4-pp311-pypy311_pp73-macosx_14_0_x86_64.whl", hash = "sha256:28a650663f7314afc3e6ec620f44f333c386aad9f6fc472030865dc0ebb26ee3"},
    {file = "numpy-2.4.4-pp311-pypy311_pp73-manylinux_2_27_aarch64.manylinux_2_28_aarch64.whl", hash = "sha256:19710a9ca9992d7174e9c52f643d4272dcd1558c5f7af7f6f8190f633bd651a7"},
    {file = "numpy-2.4.4-pp311-pypy311_pp73-manylinux_2_27_x86_64.manylinux_2_28_x86_64.whl", hash = "sha256:9b2aec6af35c113b05695ebb5749a787acd63cafc83086a05771d1e1cd1e555f"},
    {file = "numpy-2.4.4-pp311-pypy311_pp73-win_amd64.whl", hash = "sha256:f2cf083b324a467e1ab358c105f6cad5ea950f50524668a80c486ff1db24e119"},
    {file = "numpy-2.4.4.tar.gz", hash = "sha256:2d390634c5182175533585cc89f3608a4682ccb173cc9bb940b2881c8d6f8fa0"},
]

[[package]]
name = "packaging"
version = "26.2"
description = "Core utilities for Python packages"
optional = false
python-versions = ">=3.8"
groups = ["main"]
files = [
    {file = "packaging-26.2-py3-none-any.whl", hash = "sha256:5fc45236b9446107ff2415ce77c807cee2862cb6fac22b8a73826d0693b0980e"},
    {file = "packaging-26.2.tar.gz", hash = "sha256:ff452ff5a3e828ce110190feff1178bb1f2ea2281fa2075aadb987c2fb221661"},
]

[[package]]
name = "pluggy"
version = "1.6.0"
description = "plugin and hook calling mechanisms for python"
optional = false
python-versions = ">=3.9"
groups = ["main"]
files = [
    {file = "pluggy-1.6.0-py3-none-any.whl", hash = "sha256:e920276dd6813095e9377c0bc5566d94c932c33b27a3e3945d8389c374dd4746"},
    {file = "pluggy-1.6.0.tar.gz", hash = "sha256:7dcc130b76258d33b90f61b658791dede3486c3e6bfb003ee5c9bfb396dd22f3"},
]

[package.extras]
dev = ["pre-commit", "tox"]
testing = ["coverage", "pytest", "pytest-benchmark"]

[[package]]
name = "pygments"
version = "2.20.0"
description = "Pygments is a syntax highlighting package written in Python."
optional = false
python-versions = ">=3.9"
groups = ["main"]
files = [
    {file = "pygments-2.20.0-py3-none-any.whl", hash = "sha256:81a9e26dd42fd28a23a2d169d86d7ac03b46e2f8b59ed4698fb4785f946d0176"},
    {file = "pygments-2.20.0.tar.gz", hash = "sha256:6757cd03768053ff99f3039c1a36d6c0aa0b263438fcab17520b30a303a82b5f"},
]

[package.extras]
windows-terminal = ["colorama (>=0.4.6)"]

[[package]]
name = "pytest"
version = "9.0.3"
description = "pytest: simple powerful testing with Python"
optional = false
python-versions = ">=3.10"
groups = ["main"]
files = [
    {file = "pytest-9.0.3-py3-none-any.whl", hash = "sha256:2c5efc453d45394fdd706ade797c0a81091eccd1d6e4bccfcd476e2b8e0ab5d9"},
    {file = "pytest-9.0.3.tar.gz", hash = "sha256:b86ada508af81d19edeb213c681b1d48246c1a91d304c6c81a427674c17eb91c"},
]

[package.dependencies]
colorama = {version = ">=0.4", markers = "sys_platform == \"win32\""}
iniconfig = ">=1.0.1"
packaging = ">=22"
pluggy = ">=1.5,<2"
pygments = ">=2.7.2"

[package.extras]
dev = ["argcomplete", "attrs (>=19.2)", "hypothesis (>=3.56)", "mock", "requests", "setuptools", "xmlschema"]

[[package]]
name = "pytest-json-report"
version = "1.5.0"
description = "A pytest plugin to report test results as JSON files"
optional = false
python-versions = "*"
groups = ["main"]
files = [
    {file = "pytest-json-report-1.5.0.tar.gz", hash = "sha256:2dde3c647851a19b5f3700729e8310a6e66efb2077d674f27ddea3d34dc615de"},
    {file = "pytest_json_report-1.5.0-py3-none-any.whl", hash = "sha256:9897b68c910b12a2e48dd849f9a284b2c79a732a8a9cb398452ddd23d3c8c325"},
]

[package.dependencies]
pytest = ">=3.8.0"
pytest-metadata = "*"

[[package]]
name = "pytest-metadata"
version = "3.1.1"
description = "pytest plugin for test session metadata"
optional = false
python-versions = ">=3.8"
groups = ["main"]
files = [
    {file = "pytest_metadata-3.1.1-py3-none-any.whl", hash = "sha256:c8e0844db684ee1c798cfa38908d20d67d0463ecb6137c72e91f418558dd5f4b"},
    {file = "pytest_metadata-3.1.1.tar.gz", hash = "sha256:d2a29b0355fbc03f168aa96d41ff88b1a3b44a3b02acbe491801c98a048017c8"},
]

[package.dependencies]
pytest = ">=7.0.0"

[package.extras]
test = ["black (>=22.1.0)", "flake8 (>=4.0.1)", "pre-commit (>=2.17.0)", "tox (>=3.24.5)"]

[[package]]
name = "sortedcontainers"
version = "2.4.0"
description = "Sorted Containers -- Sorted List, Sorted Dict, Sorted Set"
optional = false
python-versions = "*"
groups = ["main"]
files = [
    {file = "sortedcontainers-2.4.0-py2.py3-none-any.whl", hash = "sha256:a163dcaede0f1c021485e957a39245190e74249897e2ae4b2aa38595db237ee0"},
    {file = "sortedcontainers-2.4.0.tar.gz", hash = "sha256:25caa5a06cc30b6b83d11423433f65d1f9d76c4c6a0c90e3379eaa43b9bfdb88"},
]

[metadata]
lock-version = "2.1"
python-versions = ">=3.12,<4.0"
content-hash = "de863d42a59aa05ed45514430fc548ef42cab33dabbbb1821251cd7c1f0cb631"
